
Microsoft Visual Studio Solution File, Format Version 12.00
# Visual Studio Version 17
VisualStudioVersion = 17.7.34003.232
MinimumVisualStudioVersion = 10.0.40219.1
Project("{FAE04EC0-301F-11D3-BF4B-00C04F79EFBC}") = "MyBlogApp", "MyBlogApp\MyBlogApp.csproj", "{2EE67C26-FB60-4EF5-96D5-E5B12300B0AB}"
EndProject
Global
	GlobalSection(SolutionConfigurationPlatforms) = preSolution
		Debug|Any CPU = Debug|Any CPU
		Release|Any CPU = Release|Any CPU
	EndGlobalSection
	GlobalSection(ProjectConfigurationPlatforms) = postSolution
		{2EE67C26-FB60-4EF5-96D5-E5B12300B0AB}.Debug|Any CPU.ActiveCfg = Debug|Any CPU
		{2EE67C26-FB60-4EF5-96D5-E5B12300B0AB}.Debug|Any CPU.Build.0 = Debug|Any CPU
		{2EE67C26-FB60-4EF5-96D5-E5B12300B0AB}.Release|Any CPU.ActiveCfg = Release|Any CPU
		{2EE67C26-FB60-4EF5-96D5-E5B12300B0AB}.Release|Any CPU.Build.0 = Release|Any CPU
	EndGlobalSection
	GlobalSection(SolutionProperties) = preSolution
		HideSolutionNode = FALSE
	EndGlobalSection
	GlobalSection(ExtensibilityGlobals) = postSolution
		SolutionGuid = {B8D1AC69-0F2E-4C92-BCFF-ABD99F927DBF}
	EndGlobalSection
EndGlobal
